# THIS IS AN AUTOGENERATED FILE. DO NOT EDIT THIS FILE DIRECTLY.
# yarn lockfile v1


Base64@~0.2.0:
  version "0.2.1"
  resolved "http://registry.npm.taobao.org/Base64/download/Base64-0.2.1.tgz#ba3a4230708e186705065e66babdd4c35cf60028"

add-dom-event-listener@1.x:
  version "1.0.2"
  resolved "http://registry.npm.taobao.org/add-dom-event-listener/download/add-dom-event-listener-1.0.2.tgz#8faed2c41008721cf111da1d30d995b85be42bed"
  dependencies:
    object-assign "4.x"

antd@^3.1.3:
  version "3.1.3"
  resolved "http://registry.npm.taobao.org/antd/download/antd-3.1.3.tgz#747b7efc953224a8e8f292bffb800804a900ac60"
  dependencies:
    array-tree-filter "^2.0.0"
    babel-runtime "6.x"
    classnames "~2.2.0"
    create-react-class "^15.6.0"
    css-animation "^1.2.5"
    dom-closest "^0.2.0"
    enquire.js "^2.1.1"
    lodash.debounce "^4.0.8"
    moment "^2.19.3"
    omit.js "^1.0.0"
    prop-types "^15.5.7"
    rc-animate "^2.4.1"
    rc-calendar "~9.4.0"
    rc-cascader "~0.12.0"
    rc-checkbox "~2.1.1"
    rc-collapse "~1.7.5"
    rc-dialog "~7.1.0"
    rc-dropdown "~2.1.0"
    rc-editor-mention "^1.0.2"
    rc-form "^2.1.0"
    rc-input-number "~4.0.0"
    rc-menu "~6.2.0"
    rc-notification "~3.0.0"
    rc-pagination "~1.14.0"
    rc-progress "~2.2.2"
    rc-rate "~2.4.0"
    rc-select "~7.5.0"
    rc-slider "~8.5.0"
    rc-steps "~3.0.0"
    rc-switch "~1.6.0"
    rc-table "~6.1.0"
    rc-tabs "~9.1.2"
    rc-time-picker "~3.2.1"
    rc-tooltip "~3.7.0"
    rc-tree "~1.7.0"
    rc-tree-select "~1.12.0"
    rc-upload "~2.4.0"
    rc-util "^4.0.4"
    react-lazy-load "^3.0.12"
    react-slick "~0.16.0"
    shallowequal "^1.0.1"
    warning "~3.0.0"

array-tree-filter@^1.0.0:
  version "1.0.1"
  resolved "http://registry.npm.taobao.org/array-tree-filter/download/array-tree-filter-1.0.1.tgz#0a8ad1eefd38ce88858632f9cc0423d7634e4d5d"

array-tree-filter@^2.0.0:
  version "2.0.0"
  resolved "http://registry.npm.taobao.org/array-tree-filter/download/array-tree-filter-2.0.0.tgz#20fbc2d5a0de83242c0a9eb90894d4bfb7e2a69e"

asap@~2.0.3:
  version "2.0.6"
  resolved "http://registry.npm.taobao.org/asap/download/asap-2.0.6.tgz#e50347611d7e690943208bbdafebcbc2fb866d46"

asn1.js@^4.0.0:
  version "4.9.2"
  resolved "http://registry.npm.taobao.org/asn1.js/download/asn1.js-4.9.2.tgz#8117ef4f7ed87cd8f89044b5bff97ac243a16c9a"
  dependencies:
    bn.js "^4.0.0"
    inherits "^2.0.1"
    minimalistic-assert "^1.0.0"

assert@^1.4.1:
  version "1.4.1"
  resolved "http://registry.npm.taobao.org/assert/download/assert-1.4.1.tgz#99912d591836b5a6f5b345c0f07eefc08fc65d91"
  dependencies:
    util "0.10.3"

async-validator@1.x:
  version "1.8.2"
  resolved "http://registry.npm.taobao.org/async-validator/download/async-validator-1.8.2.tgz#b77597226e96242f8d531c0d46ae295f62422ba4"
  dependencies:
    babel-runtime "6.x"

babel-runtime@6.x, babel-runtime@^6.23.0, babel-runtime@^6.26.0:
  version "6.26.0"
  resolved "http://registry.npm.taobao.org/babel-runtime/download/babel-runtime-6.26.0.tgz#965c7058668e82b55d7bfe04ff2337bc8b5647fe"
  dependencies:
    core-js "^2.4.0"
    regenerator-runtime "^0.11.0"

base64-js@^1.0.2:
  version "1.2.1"
  resolved "http://registry.npm.taobao.org/base64-js/download/base64-js-1.2.1.tgz#a91947da1f4a516ea38e5b4ec0ec3773675e0886"

bn.js@^4.0.0, bn.js@^4.1.0, bn.js@^4.1.1, bn.js@^4.4.0:
  version "4.11.8"
  resolved "http://registry.npm.taobao.org/bn.js/download/bn.js-4.11.8.tgz#2cde09eb5ee341f484746bb0309b3253b1b1442f"

brorand@^1.0.1:
  version "1.1.0"
  resolved "http://registry.npm.taobao.org/brorand/download/brorand-1.1.0.tgz#12c25efe40a45e3c323eb8675a0a0ce57b22371f"

browserify-aes@^1.0.0, browserify-aes@^1.0.4:
  version "1.1.1"
  resolved "http://registry.npm.taobao.org/browserify-aes/download/browserify-aes-1.1.1.tgz#38b7ab55edb806ff2dcda1a7f1620773a477c49f"
  dependencies:
    buffer-xor "^1.0.3"
    cipher-base "^1.0.0"
    create-hash "^1.1.0"
    evp_bytestokey "^1.0.3"
    inherits "^2.0.1"
    safe-buffer "^5.0.1"

browserify-cipher@^1.0.0:
  version "1.0.0"
  resolved "http://registry.npm.taobao.org/browserify-cipher/download/browserify-cipher-1.0.0.tgz#9988244874bf5ed4e28da95666dcd66ac8fc363a"
  dependencies:
    browserify-aes "^1.0.4"
    browserify-des "^1.0.0"
    evp_bytestokey "^1.0.0"

browserify-des@^1.0.0:
  version "1.0.0"
  resolved "http://registry.npm.taobao.org/browserify-des/download/browserify-des-1.0.0.tgz#daa277717470922ed2fe18594118a175439721dd"
  dependencies:
    cipher-base "^1.0.1"
    des.js "^1.0.0"
    inherits "^2.0.1"

browserify-rsa@^4.0.0:
  version "4.0.1"
  resolved "http://registry.npm.taobao.org/browserify-rsa/download/browserify-rsa-4.0.1.tgz#21e0abfaf6f2029cf2fafb133567a701d4135524"
  dependencies:
    bn.js "^4.1.0"
    randombytes "^2.0.1"

browserify-sign@^4.0.0:
  version "4.0.4"
  resolved "http://registry.npm.taobao.org/browserify-sign/download/browserify-sign-4.0.4.tgz#aa4eb68e5d7b658baa6bf6a57e630cbd7a93d298"
  dependencies:
    bn.js "^4.1.1"
    browserify-rsa "^4.0.0"
    create-hash "^1.1.0"
    create-hmac "^1.1.2"
    elliptic "^6.0.0"
    inherits "^2.0.1"
    parse-asn1 "^5.0.0"

browserify-zlib@^0.1.4:
  version "0.1.4"
  resolved "http://registry.npm.taobao.org/browserify-zlib/download/browserify-zlib-0.1.4.tgz#bb35f8a519f600e0fa6b8485241c979d0141fb2d"
  dependencies:
    pako "~0.2.0"

buffer-xor@^1.0.3:
  version "1.0.3"
  resolved "http://registry.npm.taobao.org/buffer-xor/download/buffer-xor-1.0.3.tgz#26e61ed1422fb70dd42e6e36729ed51d855fe8d9"

buffer@^4.9.1:
  version "4.9.1"
  resolved "http://registry.npm.taobao.org/buffer/download/buffer-4.9.1.tgz#6d1bb601b07a4efced97094132093027c95bc298"
  dependencies:
    base64-js "^1.0.2"
    ieee754 "^1.1.4"
    isarray "^1.0.0"

can-use-dom@^0.1.0:
  version "0.1.0"
  resolved "http://registry.npm.taobao.org/can-use-dom/download/can-use-dom-0.1.0.tgz#22cc4a34a0abc43950f42c6411024a3f6366b45a"

change-emitter@^0.1.2:
  version "0.1.6"
  resolved "http://registry.npm.taobao.org/change-emitter/download/change-emitter-0.1.6.tgz#e8b2fe3d7f1ab7d69a32199aff91ea6931409515"

cipher-base@^1.0.0, cipher-base@^1.0.1, cipher-base@^1.0.3:
  version "1.0.4"
  resolved "http://registry.npm.taobao.org/cipher-base/download/cipher-base-1.0.4.tgz#8760e4ecc272f4c363532f926d874aae2c1397de"
  dependencies:
    inherits "^2.0.1"
    safe-buffer "^5.0.1"

classnames@2.x, classnames@^2.2.0, classnames@^2.2.1, classnames@^2.2.3, classnames@^2.2.5, classnames@~2.2.0:
  version "2.2.5"
  resolved "http://registry.npm.taobao.org/classnames/download/classnames-2.2.5.tgz#fb3801d453467649ef3603c7d61a02bd129bde6d"

component-classes@1.x, component-classes@^1.2.5, component-classes@^1.2.6:
  version "1.2.6"
  resolved "http://registry.npm.taobao.org/component-classes/download/component-classes-1.2.6.tgz#c642394c3618a4d8b0b8919efccbbd930e5cd691"
  dependencies:
    component-indexof "0.0.3"

component-indexof@0.0.3:
  version "0.0.3"
  resolved "http://registry.npm.taobao.org/component-indexof/download/component-indexof-0.0.3.tgz#11d091312239eb8f32c8f25ae9cb002ffe8d3c24"

console-browserify@^1.1.0:
  version "1.1.0"
  resolved "http://registry.npm.taobao.org/console-browserify/download/console-browserify-1.1.0.tgz#f0241c45730a9fc6323b206dbf38edc741d0bb10"
  dependencies:
    date-now "^0.1.4"

constants-browserify@^1.0.0:
  version "1.0.0"
  resolved "http://registry.npm.taobao.org/constants-browserify/download/constants-browserify-1.0.0.tgz#c20b96d8c617748aaf1c16021760cd27fcb8cb75"

core-js@^1.0.0:
  version "1.2.7"
  resolved "http://registry.npm.taobao.org/core-js/download/core-js-1.2.7.tgz#652294c14651db28fa93bd2d5ff2983a4f08c636"

core-js@^2.4.0:
  version "2.5.3"
  resolved "http://registry.npm.taobao.org/core-js/download/core-js-2.5.3.tgz#8acc38345824f16d8365b7c9b4259168e8ed603e"

create-ecdh@^4.0.0:
  version "4.0.0"
  resolved "http://registry.npm.taobao.org/create-ecdh/download/create-ecdh-4.0.0.tgz#888c723596cdf7612f6498233eebd7a35301737d"
  dependencies:
    bn.js "^4.1.0"
    elliptic "^6.0.0"

create-hash@^1.1.0, create-hash@^1.1.2:
  version "1.1.3"
  resolved "http://registry.npm.taobao.org/create-hash/download/create-hash-1.1.3.tgz#606042ac8b9262750f483caddab0f5819172d8fd"
  dependencies:
    cipher-base "^1.0.1"
    inherits "^2.0.1"
    ripemd160 "^2.0.0"
    sha.js "^2.4.0"

create-hmac@^1.1.0, create-hmac@^1.1.2, create-hmac@^1.1.4:
  version "1.1.6"
  resolved "http://registry.npm.taobao.org/create-hmac/download/create-hmac-1.1.6.tgz#acb9e221a4e17bdb076e90657c42b93e3726cf06"
  dependencies:
    cipher-base "^1.0.3"
    create-hash "^1.1.0"
    inherits "^2.0.1"
    ripemd160 "^2.0.0"
    safe-buffer "^5.0.1"
    sha.js "^2.4.8"

create-react-class@15.x, create-react-class@^15.5.2, create-react-class@^15.5.3, create-react-class@^15.6.0:
  version "15.6.2"
  resolved "http://registry.npm.taobao.org/create-react-class/download/create-react-class-15.6.2.tgz#cf1ed15f12aad7f14ef5f2dfe05e6c42f91ef02a"
  dependencies:
    fbjs "^0.8.9"
    loose-envify "^1.3.1"
    object-assign "^4.1.1"

crypto-browserify@^3.11.0:
  version "3.12.0"
  resolved "http://registry.npm.taobao.org/crypto-browserify/download/crypto-browserify-3.12.0.tgz#396cf9f3137f03e4b8e532c58f698254e00f80ec"
  dependencies:
    browserify-cipher "^1.0.0"
    browserify-sign "^4.0.0"
    create-ecdh "^4.0.0"
    create-hash "^1.1.0"
    create-hmac "^1.1.0"
    diffie-hellman "^5.0.0"
    inherits "^2.0.1"
    pbkdf2 "^3.0.3"
    public-encrypt "^4.0.0"
    randombytes "^2.0.0"
    randomfill "^1.0.3"

css-animation@1.x, css-animation@^1.2.5, css-animation@^1.3.2:
  version "1.4.1"
  resolved "http://registry.npm.taobao.org/css-animation/download/css-animation-1.4.1.tgz#5b8813125de0fbbbb0bbe1b472ae84221469b7a8"
  dependencies:
    babel-runtime "6.x"
    component-classes "^1.2.5"

date-now@^0.1.4:
  version "0.1.4"
  resolved "http://registry.npm.taobao.org/date-now/download/date-now-0.1.4.tgz#eaf439fd4d4848ad74e5cc7dbef200672b9e345b"

des.js@^1.0.0:
  version "1.0.0"
  resolved "http://registry.npm.taobao.org/des.js/download/des.js-1.0.0.tgz#c074d2e2aa6a8a9a07dbd61f9a15c2cd83ec8ecc"
  dependencies:
    inherits "^2.0.1"
    minimalistic-assert "^1.0.0"

diffie-hellman@^5.0.0:
  version "5.0.2"
  resolved "http://registry.npm.taobao.org/diffie-hellman/download/diffie-hellman-5.0.2.tgz#b5835739270cfe26acf632099fded2a07f209e5e"
  dependencies:
    bn.js "^4.1.0"
    miller-rabin "^4.0.0"
    randombytes "^2.0.0"

dom-align@1.x:
  version "1.6.7"
  resolved "http://registry.npm.taobao.org/dom-align/download/dom-align-1.6.7.tgz#6858138efb6b77405ce99146d0be5e4f7282813f"

dom-closest@^0.2.0:
  version "0.2.0"
  resolved "http://registry.npm.taobao.org/dom-closest/download/dom-closest-0.2.0.tgz#ebd9f91d1bf22e8d6f477876bbcd3ec90216c0cf"
  dependencies:
    dom-matches ">=1.0.1"

dom-matches@>=1.0.1:
  version "2.0.0"
  resolved "http://registry.npm.taobao.org/dom-matches/download/dom-matches-2.0.0.tgz#d2728b416a87533980eb089b848d253cf23a758c"

dom-scroll-into-view@1.x, dom-scroll-into-view@^1.2.0:
  version "1.2.1"
  resolved "http://registry.npm.taobao.org/dom-scroll-into-view/download/dom-scroll-into-view-1.2.1.tgz#e8f36732dd089b0201a88d7815dc3f88e6d66c7e"

domain-browser@^1.1.7:
  version "1.1.7"
  resolved "http://registry.npm.taobao.org/domain-browser/download/domain-browser-1.1.7.tgz#867aa4b093faa05f1de08c06f4d7b21fdf8698bc"

draft-js@^0.10.0, draft-js@~0.10.0:
  version "0.10.4"
  resolved "http://registry.npm.taobao.org/draft-js/download/draft-js-0.10.4.tgz#147741642097c8120d8edc232e9503e8b7fb8d35"
  dependencies:
    fbjs "^0.8.15"
    immutable "~3.7.4"
    object-assign "^4.1.0"

elliptic@^6.0.0:
  version "6.4.0"
  resolved "http://registry.npm.taobao.org/elliptic/download/elliptic-6.4.0.tgz#cac9af8762c85836187003c8dfe193e5e2eae5df"
  dependencies:
    bn.js "^4.4.0"
    brorand "^1.0.1"
    hash.js "^1.0.0"
    hmac-drbg "^1.0.0"
    inherits "^2.0.1"
    minimalistic-assert "^1.0.0"
    minimalistic-crypto-utils "^1.0.0"

encoding@^0.1.11:
  version "0.1.12"
  resolved "http://registry.npm.taobao.org/encoding/download/encoding-0.1.12.tgz#538b66f3ee62cd1ab51ec323829d1f9480c74beb"
  dependencies:
    iconv-lite "~0.4.13"

enquire.js@^2.1.1, enquire.js@^2.1.6:
  version "2.1.6"
  resolved "http://registry.npm.taobao.org/enquire.js/download/enquire.js-2.1.6.tgz#3e8780c9b8b835084c3f60e166dbc3c2a3c89814"

eventlistener@0.0.1:
  version "0.0.1"
  resolved "http://registry.npm.taobao.org/eventlistener/download/eventlistener-0.0.1.tgz#ed2baabb852227af2bcf889152c72c63ca532eb8"

events@^1.1.1:
  version "1.1.1"
  resolved "http://registry.npm.taobao.org/events/download/events-1.1.1.tgz#9ebdb7635ad099c70dcc4c2a1f5004288e8bd924"

evp_bytestokey@^1.0.0, evp_bytestokey@^1.0.3:
  version "1.0.3"
  resolved "http://registry.npm.taobao.org/evp_bytestokey/download/evp_bytestokey-1.0.3.tgz#7fcbdb198dc71959432efe13842684e0525acb02"
  dependencies:
    md5.js "^1.3.4"
    safe-buffer "^5.1.1"

fbjs@^0.8.1, fbjs@^0.8.15, fbjs@^0.8.16, fbjs@^0.8.9:
  version "0.8.16"
  resolved "http://registry.npm.taobao.org/fbjs/download/fbjs-0.8.16.tgz#5e67432f550dc41b572bf55847b8aca64e5337db"
  dependencies:
    core-js "^1.0.0"
    isomorphic-fetch "^2.1.1"
    loose-envify "^1.0.0"
    object-assign "^4.1.0"
    promise "^7.1.1"
    setimmediate "^1.0.5"
    ua-parser-js "^0.7.9"

hammerjs@^2.0.8:
  version "2.0.8"
  resolved "http://registry.npm.taobao.org/hammerjs/download/hammerjs-2.0.8.tgz#04ef77862cff2bb79d30f7692095930222bf60f1"

hash-base@^2.0.0:
  version "2.0.2"
  resolved "http://registry.npm.taobao.org/hash-base/download/hash-base-2.0.2.tgz#66ea1d856db4e8a5470cadf6fce23ae5244ef2e1"
  dependencies:
    inherits "^2.0.1"

hash-base@^3.0.0:
  version "3.0.4"
  resolved "http://registry.npm.taobao.org/hash-base/download/hash-base-3.0.4.tgz#5fc8686847ecd73499403319a6b0a3f3f6ae4918"
  dependencies:
    inherits "^2.0.1"
    safe-buffer "^5.0.1"

hash.js@^1.0.0, hash.js@^1.0.3:
  version "1.1.3"
  resolved "http://registry.npm.taobao.org/hash.js/download/hash.js-1.1.3.tgz#340dedbe6290187151c1ea1d777a3448935df846"
  dependencies:
    inherits "^2.0.3"
    minimalistic-assert "^1.0.0"

history@^4.7.2:
  version "4.7.2"
  resolved "http://registry.npm.taobao.org/history/download/history-4.7.2.tgz#22b5c7f31633c5b8021c7f4a8a954ac139ee8d5b"
  dependencies:
    invariant "^2.2.1"
    loose-envify "^1.2.0"
    resolve-pathname "^2.2.0"
    value-equal "^0.4.0"
    warning "^3.0.0"

hmac-drbg@^1.0.0:
  version "1.0.1"
  resolved "http://registry.npm.taobao.org/hmac-drbg/download/hmac-drbg-1.0.1.tgz#d2745701025a6c775a6c545793ed502fc0c649a1"
  dependencies:
    hash.js "^1.0.3"
    minimalistic-assert "^1.0.0"
    minimalistic-crypto-utils "^1.0.1"

hoist-non-react-statics@^2.3.0, hoist-non-react-statics@^2.3.1:
  version "2.3.1"
  resolved "http://registry.npm.taobao.org/hoist-non-react-statics/download/hoist-non-react-statics-2.3.1.tgz#343db84c6018c650778898240135a1420ee22ce0"

http-browserify@^1.7.0:
  version "1.7.0"
  resolved "http://registry.npm.taobao.org/http-browserify/download/http-browserify-1.7.0.tgz#33795ade72df88acfbfd36773cefeda764735b20"
  dependencies:
    Base64 "~0.2.0"
    inherits "~2.0.1"

https-browserify@0.0.1:
  version "0.0.1"
  resolved "http://registry.npm.taobao.org/https-browserify/download/https-browserify-0.0.1.tgz#3f91365cabe60b77ed0ebba24b454e3e09d95a82"

iconv-lite@~0.4.13:
  version "0.4.19"
  resolved "http://registry.npm.taobao.org/iconv-lite/download/iconv-lite-0.4.19.tgz#f7468f60135f5e5dad3399c0a81be9a1603a082b"

ieee754@^1.1.4:
  version "1.1.8"
  resolved "http://registry.npm.taobao.org/ieee754/download/ieee754-1.1.8.tgz#be33d40ac10ef1926701f6f08a2d86fbfd1ad3e4"

immutable@^3.7.4:
  version "3.8.2"
  resolved "http://registry.npm.taobao.org/immutable/download/immutable-3.8.2.tgz#c2439951455bb39913daf281376f1530e104adf3"

immutable@~3.7.4:
  version "3.7.6"
  resolved "http://registry.npm.taobao.org/immutable/download/immutable-3.7.6.tgz#13b4d3cb12befa15482a26fe1b2ebae640071e4b"

indexof@0.0.1:
  version "0.0.1"
  resolved "http://registry.npm.taobao.org/indexof/download/indexof-0.0.1.tgz#82dc336d232b9062179d05ab3293a66059fd435d"

inherits@2.0.1:
  version "2.0.1"
  resolved "http://registry.npm.taobao.org/inherits/download/inherits-2.0.1.tgz#b17d08d326b4423e568eff719f91b0b1cbdf69f1"

inherits@^2.0.1, inherits@^2.0.3, inherits@~2.0.1, inherits@~2.0.3:
  version "2.0.3"
  resolved "http://registry.npm.taobao.org/inherits/download/inherits-2.0.3.tgz#633c2c83e3da42a502f52466022480f4208261de"

invariant@^2.2.1, invariant@^2.2.2:
  version "2.2.2"
  resolved "http://registry.npm.taobao.org/invariant/download/invariant-2.2.2.tgz#9e1f56ac0acdb6bf303306f338be3b204ae60360"
  dependencies:
    loose-envify "^1.0.0"

is-stream@^1.0.1:
  version "1.1.0"
  resolved "http://registry.npm.taobao.org/is-stream/download/is-stream-1.1.0.tgz#12d4a3dd4e68e0b79ceb8dbc84173ae80d91ca44"

isarray@0.0.1:
  version "0.0.1"
  resolved "http://registry.npm.taobao.org/isarray/download/isarray-0.0.1.tgz#8a18acfca9a8f4177e09abfc6038939b05d1eedf"

isarray@^1.0.0, isarray@~1.0.0:
  version "1.0.0"
  resolved "http://registry.npm.taobao.org/isarray/download/isarray-1.0.0.tgz#bb935d48582cba168c06834957a54a3e07124f11"

isomorphic-fetch@^2.1.1:
  version "2.2.1"
  resolved "http://registry.npm.taobao.org/isomorphic-fetch/download/isomorphic-fetch-2.2.1.tgz#611ae1acf14f5e81f729507472819fe9733558a9"
  dependencies:
    node-fetch "^1.0.1"
    whatwg-fetch ">=0.10.0"

js-tokens@^3.0.0:
  version "3.0.2"
  resolved "http://registry.npm.taobao.org/js-tokens/download/js-tokens-3.0.2.tgz#9866df395102130e38f7f996bceb65443209c25b"

json2mq@^0.2.0:
  version "0.2.0"
  resolved "http://registry.npm.taobao.org/json2mq/download/json2mq-0.2.0.tgz#b637bd3ba9eabe122c83e9720483aeb10d2c904a"
  dependencies:
    string-convert "^0.2.0"

lodash._getnative@^3.0.0:
  version "3.9.1"
  resolved "http://registry.npm.taobao.org/lodash._getnative/download/lodash._getnative-3.9.1.tgz#570bc7dede46d61cdcde687d65d3eecbaa3aaff5"

lodash.debounce@^4.0.0, lodash.debounce@^4.0.8:
  version "4.0.8"
  resolved "http://registry.npm.taobao.org/lodash.debounce/download/lodash.debounce-4.0.8.tgz#82d79bff30a67c4005ffd5e2515300ad9ca4d7af"

lodash.get@^4.4.2:
  version "4.4.2"
  resolved "http://registry.npm.taobao.org/lodash.get/download/lodash.get-4.4.2.tgz#2d177f652fa31e939b4438d5341499dfa3825e99"

lodash.isarguments@^3.0.0:
  version "3.1.0"
  resolved "http://registry.npm.taobao.org/lodash.isarguments/download/lodash.isarguments-3.1.0.tgz#2f573d85c6a24289ff00663b491c1d338ff3458a"

lodash.isarray@^3.0.0:
  version "3.0.4"
  resolved "http://registry.npm.taobao.org/lodash.isarray/download/lodash.isarray-3.0.4.tgz#79e4eb88c36a8122af86f844aa9bcd851b5fbb55"

lodash.keys@^3.1.2:
  version "3.1.2"
  resolved "http://registry.npm.taobao.org/lodash.keys/download/lodash.keys-3.1.2.tgz#4dbc0472b156be50a0b286855d1bd0b0c656098a"
  dependencies:
    lodash._getnative "^3.0.0"
    lodash.isarguments "^3.0.0"
    lodash.isarray "^3.0.0"

lodash.merge@^4.6.0:
  version "4.6.0"
  resolved "http://registry.npm.taobao.org/lodash.merge/download/lodash.merge-4.6.0.tgz#69884ba144ac33fe699737a6086deffadd0f89c5"

lodash.throttle@^4.0.0:
  version "4.1.1"
  resolved "http://registry.npm.taobao.org/lodash.throttle/download/lodash.throttle-4.1.1.tgz#c23e91b710242ac70c37f1e1cda9274cc39bf2f4"

lodash@^4.16.5, lodash@^4.17.4:
  version "4.17.4"
  resolved "http://registry.npm.taobao.org/lodash/download/lodash-4.17.4.tgz#78203a4d1c328ae1d86dca6460e369b57f4055ae"

loose-envify@^1.0.0, loose-envify@^1.1.0, loose-envify@^1.2.0, loose-envify@^1.3.1:
  version "1.3.1"
  resolved "http://registry.npm.taobao.org/loose-envify/download/loose-envify-1.3.1.tgz#d1a8ad33fa9ce0e713d65fdd0ac8b748d478c848"
  dependencies:
    js-tokens "^3.0.0"

md5.js@^1.3.4:
  version "1.3.4"
  resolved "http://registry.npm.taobao.org/md5.js/download/md5.js-1.3.4.tgz#e9bdbde94a20a5ac18b04340fc5764d5b09d901d"
  dependencies:
    hash-base "^3.0.0"
    inherits "^2.0.1"

meteor-node-stubs@^0.3.2:
  version "0.3.2"
  resolved "http://registry.npm.taobao.org/meteor-node-stubs/download/meteor-node-stubs-0.3.2.tgz#2c9224a911b1e66c141c6a17b1a3dc92dc387795"
  dependencies:
    assert "^1.4.1"
    browserify-zlib "^0.1.4"
    buffer "^4.9.1"
    console-browserify "^1.1.0"
    constants-browserify "^1.0.0"
    crypto-browserify "^3.11.0"
    domain-browser "^1.1.7"
    events "^1.1.1"
    http-browserify "^1.7.0"
    https-browserify "0.0.1"
    os-browserify "^0.2.1"
    path-browserify "0.0.0"
    process "^0.11.9"
    punycode "^1.4.1"
    querystring-es3 "^0.2.1"
    readable-stream "git+https://github.com/meteor/readable-stream.git"
    stream-browserify "^2.0.1"
    string_decoder "^1.0.1"
    timers-browserify "^1.4.2"
    tty-browserify "0.0.0"
    url "^0.11.0"
    util "^0.10.3"
    vm-browserify "0.0.4"

miller-rabin@^4.0.0:
  version "4.0.1"
  resolved "http://registry.npm.taobao.org/miller-rabin/download/miller-rabin-4.0.1.tgz#f080351c865b0dc562a8462966daa53543c78a4d"
  dependencies:
    bn.js "^4.0.0"
    brorand "^1.0.1"

mini-store@^1.0.2:
  version "1.0.4"
  resolved "http://registry.npm.taobao.org/mini-store/download/mini-store-1.0.4.tgz#a540fbfdbddd0415daf17a8b0cc8290c9f7d8bd6"
  dependencies:
    hoist-non-react-statics "^2.3.1"
    prop-types "^15.6.0"
    shallowequal "^1.0.2"

minimalistic-assert@^1.0.0:
  version "1.0.0"
  resolved "http://registry.npm.taobao.org/minimalistic-assert/download/minimalistic-assert-1.0.0.tgz#702be2dda6b37f4836bcb3f5db56641b64a1d3d3"

minimalistic-crypto-utils@^1.0.0, minimalistic-crypto-utils@^1.0.1:
  version "1.0.1"
  resolved "http://registry.npm.taobao.org/minimalistic-crypto-utils/download/minimalistic-crypto-utils-1.0.1.tgz#f6c00c1c0b082246e5c4d99dfb8c7c083b2b582a"

moment@2.x, moment@^2.19.3, moment@^2.20.1:
  version "2.20.1"
  resolved "http://registry.npm.taobao.org/moment/download/moment-2.20.1.tgz#d6eb1a46cbcc14a2b2f9434112c1ff8907f313fd"

node-fetch@^1.0.1:
  version "1.7.3"
  resolved "http://registry.npm.taobao.org/node-fetch/download/node-fetch-1.7.3.tgz#980f6f72d85211a5347c6b2bc18c5b84c3eb47ef"
  dependencies:
    encoding "^0.1.11"
    is-stream "^1.0.1"

object-assign@4.x, object-assign@^4.0.1, object-assign@^4.1.0, object-assign@^4.1.1, object-assign@~4.1.0:
  version "4.1.1"
  resolved "http://registry.npm.taobao.org/object-assign/download/object-assign-4.1.1.tgz#2109adc7965887cfc05cbbd442cac8bfbb360863"

omit.js@^1.0.0:
  version "1.0.0"
  resolved "http://registry.npm.taobao.org/omit.js/download/omit.js-1.0.0.tgz#e013cb86a7517b9cf6f7cfb0ddb4297256a99288"
  dependencies:
    babel-runtime "^6.23.0"

os-browserify@^0.2.1:
  version "0.2.1"
  resolved "http://registry.npm.taobao.org/os-browserify/download/os-browserify-0.2.1.tgz#63fc4ccee5d2d7763d26bbf8601078e6c2e0044f"

pako@~0.2.0:
  version "0.2.9"
  resolved "http://registry.npm.taobao.org/pako/download/pako-0.2.9.tgz#f3f7522f4ef782348da8161bad9ecfd51bf83a75"

parse-asn1@^5.0.0:
  version "5.1.0"
  resolved "http://registry.npm.taobao.org/parse-asn1/download/parse-asn1-5.1.0.tgz#37c4f9b7ed3ab65c74817b5f2480937fbf97c712"
  dependencies:
    asn1.js "^4.0.0"
    browserify-aes "^1.0.0"
    create-hash "^1.1.0"
    evp_bytestokey "^1.0.0"
    pbkdf2 "^3.0.3"

path-browserify@0.0.0:
  version "0.0.0"
  resolved "http://registry.npm.taobao.org/path-browserify/download/path-browserify-0.0.0.tgz#a0b870729aae214005b7d5032ec2cbbb0fb4451a"

path-to-regexp@^1.7.0:
  version "1.7.0"
  resolved "http://registry.npm.taobao.org/path-to-regexp/download/path-to-regexp-1.7.0.tgz#59fde0f435badacba103a84e9d3bc64e96b9937d"
  dependencies:
    isarray "0.0.1"

pbkdf2@^3.0.3:
  version "3.0.14"
  resolved "http://registry.npm.taobao.org/pbkdf2/download/pbkdf2-3.0.14.tgz#a35e13c64799b06ce15320f459c230e68e73bade"
  dependencies:
    create-hash "^1.1.2"
    create-hmac "^1.1.4"
    ripemd160 "^2.0.1"
    safe-buffer "^5.0.1"
    sha.js "^2.4.8"

process-nextick-args@~1.0.6:
  version "1.0.7"
  resolved "http://registry.npm.taobao.org/process-nextick-args/download/process-nextick-args-1.0.7.tgz#150e20b756590ad3f91093f25a4f2ad8bff30ba3"

process@^0.11.9, process@~0.11.0:
  version "0.11.10"
  resolved "http://registry.npm.taobao.org/process/download/process-0.11.10.tgz#7332300e840161bda3e69a1d1d91a7d4bc16f182"

promise@^7.1.1:
  version "7.3.1"
  resolved "http://registry.npm.taobao.org/promise/download/promise-7.3.1.tgz#064b72602b18f90f29192b8b1bc418ffd1ebd3bf"
  dependencies:
    asap "~2.0.3"

prop-types@15.x, prop-types@^15.5.10, prop-types@^15.5.4, prop-types@^15.5.6, prop-types@^15.5.7, prop-types@^15.5.8, prop-types@^15.5.9, prop-types@^15.6.0:
  version "15.6.0"
  resolved "http://registry.npm.taobao.org/prop-types/download/prop-types-15.6.0.tgz#ceaf083022fc46b4a35f69e13ef75aed0d639856"
  dependencies:
    fbjs "^0.8.16"
    loose-envify "^1.3.1"
    object-assign "^4.1.1"

public-encrypt@^4.0.0:
  version "4.0.0"
  resolved "http://registry.npm.taobao.org/public-encrypt/download/public-encrypt-4.0.0.tgz#39f699f3a46560dd5ebacbca693caf7c65c18cc6"
  dependencies:
    bn.js "^4.1.0"
    browserify-rsa "^4.0.0"
    create-hash "^1.1.0"
    parse-asn1 "^5.0.0"
    randombytes "^2.0.1"

punycode@1.3.2:
  version "1.3.2"
  resolved "http://registry.npm.taobao.org/punycode/download/punycode-1.3.2.tgz#9653a036fb7c1ee42342f2325cceefea3926c48d"

punycode@^1.4.1:
  version "1.4.1"
  resolved "http://registry.npm.taobao.org/punycode/download/punycode-1.4.1.tgz#c0d5a63b2718800ad8e1eb0fa5269c84dd41845e"

querystring-es3@^0.2.1:
  version "0.2.1"
  resolved "http://registry.npm.taobao.org/querystring-es3/download/querystring-es3-0.2.1.tgz#9ec61f79049875707d69414596fd907a4d711e73"

querystring@0.2.0:
  version "0.2.0"
  resolved "http://registry.npm.taobao.org/querystring/download/querystring-0.2.0.tgz#b209849203bb25df820da756e747005878521620"

randombytes@^2.0.0, randombytes@^2.0.1, randombytes@^2.0.5:
  version "2.0.6"
  resolved "http://registry.npm.taobao.org/randombytes/download/randombytes-2.0.6.tgz#d302c522948588848a8d300c932b44c24231da80"
  dependencies:
    safe-buffer "^5.1.0"

randomfill@^1.0.3:
  version "1.0.3"
  resolved "http://registry.npm.taobao.org/randomfill/download/randomfill-1.0.3.tgz#b96b7df587f01dd91726c418f30553b1418e3d62"
  dependencies:
    randombytes "^2.0.5"
    safe-buffer "^5.1.0"

rc-align@2.x:
  version "2.3.5"
  resolved "http://registry.npm.taobao.org/rc-align/download/rc-align-2.3.5.tgz#5085cfa4d685ee9d030b9afd2971eb370c5e80a1"
  dependencies:
    babel-runtime "^6.26.0"
    dom-align "1.x"
    prop-types "^15.5.8"
    rc-util "^4.0.4"

rc-animate@2.x, rc-animate@^2.0.2, rc-animate@^2.3.0, rc-animate@^2.4.1:
  version "2.4.4"
  resolved "http://registry.npm.taobao.org/rc-animate/download/rc-animate-2.4.4.tgz#a05a784c747beef140d99ff52b6117711bef4b1e"
  dependencies:
    babel-runtime "6.x"
    css-animation "^1.3.2"
    prop-types "15.x"

rc-calendar@~9.4.0:
  version "9.4.0"
  resolved "http://registry.npm.taobao.org/rc-calendar/download/rc-calendar-9.4.0.tgz#1fa9dacaabd69120524147916c0357f1bae127d1"
  dependencies:
    babel-runtime "6.x"
    classnames "2.x"
    create-react-class "^15.5.2"
    moment "2.x"
    prop-types "^15.5.8"
    rc-trigger "^2.2.0"
    rc-util "^4.1.1"

rc-cascader@~0.12.0:
  version "0.12.2"
  resolved "http://registry.npm.taobao.org/rc-cascader/download/rc-cascader-0.12.2.tgz#2d08fe44b504364137d3c748f51ac393483e7b3b"
  dependencies:
    array-tree-filter "^1.0.0"
    prop-types "^15.5.8"
    rc-trigger "^2.2.0"
    rc-util "^4.0.4"
    shallow-equal "^1.0.0"

rc-checkbox@~2.1.1:
  version "2.1.1"
  resolved "http://registry.npm.taobao.org/rc-checkbox/download/rc-checkbox-2.1.1.tgz#7b2d3632285eaad9cad78612a6643d7d34589e72"
  dependencies:
    babel-runtime "^6.23.0"
    classnames "2.x"
    prop-types "15.x"
    rc-util "^4.0.4"

rc-collapse@~1.7.5:
  version "1.7.7"
  resolved "http://registry.npm.taobao.org/rc-collapse/download/rc-collapse-1.7.7.tgz#16c9fe691f0191f16c9c2eda39989bfc1a19fa2b"
  dependencies:
    classnames "2.x"
    css-animation "1.x"
    prop-types "^15.5.6"
    rc-animate "2.x"

rc-dialog@~7.1.0:
  version "7.1.0"
  resolved "http://registry.npm.taobao.org/rc-dialog/download/rc-dialog-7.1.0.tgz#ffc18c8f799f1cbc343e9f3a1bd9190a1cb62079"
  dependencies:
    babel-runtime "6.x"
    create-react-class "^15.5.2"
    object-assign "~4.1.0"
    rc-animate "2.x"
    rc-util "^4.1.0"

rc-dropdown@~2.1.0:
  version "2.1.0"
  resolved "http://registry.npm.taobao.org/rc-dropdown/download/rc-dropdown-2.1.0.tgz#ae39db67e593ef4ed889dee99ef13ae3994a5c7f"
  dependencies:
    babel-runtime "^6.26.0"
    prop-types "^15.5.8"
    rc-trigger "^2.2.2"

rc-editor-core@~0.8.3:
  version "0.8.3"
  resolved "http://registry.npm.taobao.org/rc-editor-core/download/rc-editor-core-0.8.3.tgz#0be6a37a10152ae6d58bd2ecfefdf2c80ce0689a"
  dependencies:
    babel-runtime "^6.26.0"
    draft-js "^0.10.0"
    immutable "^3.7.4"
    lodash "^4.16.5"
    prop-types "^15.5.8"
    setimmediate "^1.0.5"

rc-editor-mention@^1.0.2:
  version "1.1.4"
  resolved "http://registry.npm.taobao.org/rc-editor-mention/download/rc-editor-mention-1.1.4.tgz#b151d76faa3313300b967507da217f0fea1c9912"
  dependencies:
    babel-runtime "^6.23.0"
    classnames "^2.2.5"
    dom-scroll-into-view "^1.2.0"
    draft-js "~0.10.0"
    prop-types "^15.5.8"
    rc-animate "^2.3.0"
    rc-editor-core "~0.8.3"

rc-form@^2.1.0:
  version "2.1.7"
  resolved "http://registry.npm.taobao.org/rc-form/download/rc-form-2.1.7.tgz#3e01c5e19838038b65a58014e2802deb088b60b7"
  dependencies:
    async-validator "1.x"
    babel-runtime "6.x"
    create-react-class "^15.5.3"
    dom-scroll-into-view "1.x"
    hoist-non-react-statics "^2.3.1"
    lodash "^4.17.4"
    warning "^3.0.0"

rc-hammerjs@~0.6.0:
  version "0.6.9"
  resolved "http://registry.npm.taobao.org/rc-hammerjs/download/rc-hammerjs-0.6.9.tgz#9a4ddbda1b2ec8f9b9596091a6a989842a243907"
  dependencies:
    babel-runtime "6.x"
    hammerjs "^2.0.8"
    prop-types "^15.5.9"

rc-input-number@~4.0.0:
  version "4.0.2"
  resolved "http://registry.npm.taobao.org/rc-input-number/download/rc-input-number-4.0.2.tgz#09651d5fc05c7f6a1e2111dbfad7ed5743fa7595"
  dependencies:
    babel-runtime "6.x"
    classnames "^2.2.0"
    prop-types "^15.5.7"
    rmc-feedback "^1.0.0"

rc-menu@^6.1.0, rc-menu@~6.2.0:
  version "6.2.5"
  resolved "http://registry.npm.taobao.org/rc-menu/download/rc-menu-6.2.5.tgz#cb27585cfb6a2e9c2cb09a122df1980ec807bfc8"
  dependencies:
    babel-runtime "6.x"
    classnames "2.x"
    create-react-class "^15.5.2"
    dom-scroll-into-view "1.x"
    prop-types "^15.5.6"
    rc-animate "2.x"
    rc-trigger "^2.3.0"
    rc-util "^4.1.0"

rc-notification@~3.0.0:
  version "3.0.1"
  resolved "http://registry.npm.taobao.org/rc-notification/download/rc-notification-3.0.1.tgz#9ddcb831895ad40943a7e1df34951aa705173bce"
  dependencies:
    babel-runtime "6.x"
    classnames "2.x"
    prop-types "^15.5.8"
    rc-animate "2.x"
    rc-util "^4.0.4"

rc-pagination@~1.14.0:
  version "1.14.0"
  resolved "http://registry.npm.taobao.org/rc-pagination/download/rc-pagination-1.14.0.tgz#c0f34901941b35d65365baf73a5237084042b97e"
  dependencies:
    babel-runtime "6.x"
    prop-types "^15.5.7"

rc-progress@~2.2.2:
  version "2.2.5"
  resolved "http://registry.npm.taobao.org/rc-progress/download/rc-progress-2.2.5.tgz#e61d0544bf9d4208e5ba32fc50962159e7f952a3"
  dependencies:
    babel-runtime "6.x"
    prop-types "^15.5.8"

rc-rate@~2.4.0:
  version "2.4.0"
  resolved "http://registry.npm.taobao.org/rc-rate/download/rc-rate-2.4.0.tgz#97ebcc5876e2e498b9f5f65ced256d8ab54e5f06"
  dependencies:
    babel-runtime "^6.26.0"
    classnames "^2.2.5"
    prop-types "^15.5.8"
    rc-util "^4.3.0"

rc-select@~7.5.0:
  version "7.5.1"
  resolved "http://registry.npm.taobao.org/rc-select/download/rc-select-7.5.1.tgz#738aaa3a3a0256914e76c6be81ba3464e28fa12f"
  dependencies:
    babel-runtime "^6.23.0"
    classnames "2.x"
    component-classes "1.x"
    dom-scroll-into-view "1.x"
    prop-types "^15.5.8"
    rc-animate "2.x"
    rc-menu "^6.1.0"
    rc-trigger "^2.2.0"
    rc-util "^4.0.4"
    warning "^3.0.0"

rc-slider@~8.5.0:
  version "8.5.0"
  resolved "http://registry.npm.taobao.org/rc-slider/download/rc-slider-8.5.0.tgz#6fae97d8ba59a012af69a00409f21925b8954cf5"
  dependencies:
    babel-runtime "6.x"
    classnames "^2.2.5"
    prop-types "^15.5.4"
    rc-tooltip "^3.7.0"
    rc-util "^4.0.4"
    shallowequal "^1.0.1"
    warning "^3.0.0"

rc-steps@~3.0.0:
  version "3.0.1"
  resolved "http://registry.npm.taobao.org/rc-steps/download/rc-steps-3.0.1.tgz#fa886eb93d223173ef9a05396f32186992549535"
  dependencies:
    babel-runtime "^6.23.0"
    classnames "^2.2.3"
    lodash.debounce "^4.0.8"
    prop-types "^15.5.7"

rc-switch@~1.6.0:
  version "1.6.0"
  resolved "http://registry.npm.taobao.org/rc-switch/download/rc-switch-1.6.0.tgz#c2d7369bdb87c1fd45e84989a27c1fb2f201d2fd"
  dependencies:
    babel-runtime "^6.23.0"
    classnames "^2.2.1"
    prop-types "^15.5.6"

rc-table@~6.1.0:
  version "6.1.3"
  resolved "http://registry.npm.taobao.org/rc-table/download/rc-table-6.1.3.tgz#738de9b32afcc0a2ec3c1061576ddf437d1f7d48"
  dependencies:
    babel-runtime "6.x"
    component-classes "^1.2.6"
    lodash.get "^4.4.2"
    lodash.merge "^4.6.0"
    mini-store "^1.0.2"
    prop-types "^15.5.8"
    rc-util "^4.0.4"
    shallowequal "^1.0.2"
    warning "^3.0.0"

rc-tabs@~9.1.2:
  version "9.1.11"
  resolved "http://registry.npm.taobao.org/rc-tabs/download/rc-tabs-9.1.11.tgz#cb259d312b4b238f4e5a90dc0efb88000d8e9535"
  dependencies:
    babel-runtime "6.x"
    classnames "2.x"
    create-react-class "15.x"
    lodash.debounce "^4.0.8"
    prop-types "15.x"
    rc-hammerjs "~0.6.0"
    rc-util "^4.0.4"
    warning "^3.0.0"

rc-time-picker@~3.2.1:
  version "3.2.1"
  resolved "http://registry.npm.taobao.org/rc-time-picker/download/rc-time-picker-3.2.1.tgz#e105fed32814bb95f37dbc60b49495cd787abfa2"
  dependencies:
    babel-runtime "6.x"
    classnames "2.x"
    moment "2.x"
    prop-types "^15.5.8"
    rc-trigger "^2.2.0"

rc-tooltip@^3.7.0, rc-tooltip@~3.7.0:
  version "3.7.0"
  resolved "http://registry.npm.taobao.org/rc-tooltip/download/rc-tooltip-3.7.0.tgz#3afbf109865f7cdcfe43752f3f3f501f7be37aaa"
  dependencies:
    babel-runtime "6.x"
    prop-types "^15.5.8"
    rc-trigger "^2.2.2"

rc-tree-select@~1.12.0:
  version "1.12.3"
  resolved "http://registry.npm.taobao.org/rc-tree-select/download/rc-tree-select-1.12.3.tgz#7bde797bf8b5c54657ba0e1d0831df1fdb3cf505"
  dependencies:
    babel-runtime "^6.23.0"
    classnames "^2.2.1"
    object-assign "^4.0.1"
    prop-types "^15.5.8"
    rc-animate "^2.0.2"
    rc-tree "~1.7.1"
    rc-trigger "^2.2.2"
    rc-util "^4.0.2"

rc-tree@~1.7.0, rc-tree@~1.7.1:
  version "1.7.10"
  resolved "http://registry.npm.taobao.org/rc-tree/download/rc-tree-1.7.10.tgz#8d93d73fa3a91ebf6dde4ebaa98e750a9c8fe154"
  dependencies:
    babel-runtime "^6.23.0"
    classnames "2.x"
    prop-types "^15.5.8"
    rc-animate "2.x"
    rc-util "^4.0.4"
    warning "^3.0.0"

rc-trigger@^2.2.0, rc-trigger@^2.2.2, rc-trigger@^2.3.0:
  version "2.3.3"
  resolved "http://registry.npm.taobao.org/rc-trigger/download/rc-trigger-2.3.3.tgz#406c5ddea594aca71d067852f27d91a5f3a653b8"
  dependencies:
    babel-runtime "6.x"
    create-react-class "15.x"
    prop-types "15.x"
    rc-align "2.x"
    rc-animate "2.x"
    rc-util "^4.3.0"

rc-upload@~2.4.0:
  version "2.4.4"
  resolved "http://registry.npm.taobao.org/rc-upload/download/rc-upload-2.4.4.tgz#28e1e6a3e44d1b1f92e57e21927cfa2763ac2a21"
  dependencies:
    babel-runtime "6.x"
    classnames "^2.2.5"
    prop-types "^15.5.7"
    warning "2.x"

rc-util@^4.0.2, rc-util@^4.0.4, rc-util@^4.1.0, rc-util@^4.1.1, rc-util@^4.3.0:
  version "4.3.1"
  resolved "http://registry.npm.taobao.org/rc-util/download/rc-util-4.3.1.tgz#79f0adb30f449c1b29d7c5cdb2d82c193920c362"
  dependencies:
    add-dom-event-listener "1.x"
    babel-runtime "6.x"
    prop-types "^15.5.10"
    shallowequal "^0.2.2"

react-dom@^16.2.0:
  version "16.2.0"
  resolved "http://registry.npm.taobao.org/react-dom/download/react-dom-16.2.0.tgz#69003178601c0ca19b709b33a83369fe6124c044"
  dependencies:
    fbjs "^0.8.16"
    loose-envify "^1.1.0"
    object-assign "^4.1.1"
    prop-types "^15.6.0"

react-lazy-load@^3.0.12:
  version "3.0.13"
  resolved "http://registry.npm.taobao.org/react-lazy-load/download/react-lazy-load-3.0.13.tgz#3b0a92d336d43d3f0d73cbe6f35b17050b08b824"
  dependencies:
    eventlistener "0.0.1"
    lodash.debounce "^4.0.0"
    lodash.throttle "^4.0.0"
    prop-types "^15.5.8"

react-router-dom@^4.2.2:
  version "4.2.2"
  resolved "http://registry.npm.taobao.org/react-router-dom/download/react-router-dom-4.2.2.tgz#c8a81df3adc58bba8a76782e946cbd4eae649b8d"
  dependencies:
    history "^4.7.2"
    invariant "^2.2.2"
    loose-envify "^1.3.1"
    prop-types "^15.5.4"
    react-router "^4.2.0"
    warning "^3.0.0"

react-router@^4.2.0:
  version "4.2.0"
  resolved "http://registry.npm.taobao.org/react-router/download/react-router-4.2.0.tgz#61f7b3e3770daeb24062dae3eedef1b054155986"
  dependencies:
    history "^4.7.2"
    hoist-non-react-statics "^2.3.0"
    invariant "^2.2.2"
    loose-envify "^1.3.1"
    path-to-regexp "^1.7.0"
    prop-types "^15.5.4"
    warning "^3.0.0"

react-slick@~0.16.0:
  version "0.16.0"
  resolved "http://registry.npm.taobao.org/react-slick/download/react-slick-0.16.0.tgz#27385fb88503d208be081d37267ddec961209a7b"
  dependencies:
    can-use-dom "^0.1.0"
    classnames "^2.2.5"
    create-react-class "^15.5.2"
    enquire.js "^2.1.6"
    json2mq "^0.2.0"
    object-assign "^4.1.0"
    slick-carousel "^1.6.0"

react@^16.2.0:
  version "16.2.0"
  resolved "http://registry.npm.taobao.org/react/download/react-16.2.0.tgz#a31bd2dab89bff65d42134fa187f24d054c273ba"
  dependencies:
    fbjs "^0.8.16"
    loose-envify "^1.1.0"
    object-assign "^4.1.1"
    prop-types "^15.6.0"

readable-stream@^2.0.2, "readable-stream@git+https://github.com/meteor/readable-stream.git":
  version "2.3.3"
  resolved "git+https://github.com/meteor/readable-stream.git#d64a64aa6061b9b6855feff4d09e58fb3b2e4502"
  dependencies:
    inherits "~2.0.3"
    isarray "~1.0.0"
    process-nextick-args "~1.0.6"
    safe-buffer "~5.1.1"
    string_decoder "~1.0.3"
    util-deprecate "~1.0.1"

recompose@^0.26.0:
  version "0.26.0"
  resolved "http://registry.npm.taobao.org/recompose/download/recompose-0.26.0.tgz#9babff039cb72ba5bd17366d55d7232fbdfb2d30"
  dependencies:
    change-emitter "^0.1.2"
    fbjs "^0.8.1"
    hoist-non-react-statics "^2.3.1"
    symbol-observable "^1.0.4"

regenerator-runtime@^0.11.0:
  version "0.11.1"
  resolved "http://registry.npm.taobao.org/regenerator-runtime/download/regenerator-runtime-0.11.1.tgz#be05ad7f9bf7d22e056f9726cee5017fbf19e2e9"

resolve-pathname@^2.2.0:
  version "2.2.0"
  resolved "http://registry.npm.taobao.org/resolve-pathname/download/resolve-pathname-2.2.0.tgz#7e9ae21ed815fd63ab189adeee64dc831eefa879"

ripemd160@^2.0.0, ripemd160@^2.0.1:
  version "2.0.1"
  resolved "http://registry.npm.taobao.org/ripemd160/download/ripemd160-2.0.1.tgz#0f4584295c53a3628af7e6d79aca21ce57d1c6e7"
  dependencies:
    hash-base "^2.0.0"
    inherits "^2.0.1"

rmc-feedback@^1.0.0:
  version "1.0.4"
  resolved "http://registry.npm.taobao.org/rmc-feedback/download/rmc-feedback-1.0.4.tgz#fba066059ae2057ac0e0b53ea7ce982c8f4f7f19"
  dependencies:
    babel-runtime "6.x"
    classnames "^2.2.5"

safe-buffer@^5.0.1, safe-buffer@^5.1.0, safe-buffer@^5.1.1, safe-buffer@~5.1.0, safe-buffer@~5.1.1:
  version "5.1.1"
  resolved "http://registry.npm.taobao.org/safe-buffer/download/safe-buffer-5.1.1.tgz#893312af69b2123def71f57889001671eeb2c853"

setimmediate@^1.0.5:
  version "1.0.5"
  resolved "http://registry.npm.taobao.org/setimmediate/download/setimmediate-1.0.5.tgz#290cbb232e306942d7d7ea9b83732ab7856f8285"

sha.js@^2.4.0, sha.js@^2.4.8:
  version "2.4.9"
  resolved "http://registry.npm.taobao.org/sha.js/download/sha.js-2.4.9.tgz#98f64880474b74f4a38b8da9d3c0f2d104633e7d"
  dependencies:
    inherits "^2.0.1"
    safe-buffer "^5.0.1"

shallow-equal@^1.0.0:
  version "1.0.0"
  resolved "http://registry.npm.taobao.org/shallow-equal/download/shallow-equal-1.0.0.tgz#508d1838b3de590ab8757b011b25e430900945f7"

shallowequal@^0.2.2:
  version "0.2.2"
  resolved "http://registry.npm.taobao.org/shallowequal/download/shallowequal-0.2.2.tgz#1e32fd5bcab6ad688a4812cb0cc04efc75c7014e"
  dependencies:
    lodash.keys "^3.1.2"

shallowequal@^1.0.1, shallowequal@^1.0.2:
  version "1.0.2"
  resolved "http://registry.npm.taobao.org/shallowequal/download/shallowequal-1.0.2.tgz#1561dbdefb8c01408100319085764da3fcf83f8f"

slick-carousel@^1.6.0:
  version "1.8.1"
  resolved "http://registry.npm.taobao.org/slick-carousel/download/slick-carousel-1.8.1.tgz#a4bfb29014887bb66ce528b90bd0cda262cc8f8d"

stream-browserify@^2.0.1:
  version "2.0.1"
  resolved "http://registry.npm.taobao.org/stream-browserify/download/stream-browserify-2.0.1.tgz#66266ee5f9bdb9940a4e4514cafb43bb71e5c9db"
  dependencies:
    inherits "~2.0.1"
    readable-stream "^2.0.2"

string-convert@^0.2.0:
  version "0.2.1"
  resolved "http://registry.npm.taobao.org/string-convert/download/string-convert-0.2.1.tgz#6982cc3049fbb4cd85f8b24568b9d9bf39eeff97"

string_decoder@^1.0.1, string_decoder@~1.0.3:
  version "1.0.3"
  resolved "http://registry.npm.taobao.org/string_decoder/download/string_decoder-1.0.3.tgz#0fc67d7c141825de94282dd536bec6b9bce860ab"
  dependencies:
    safe-buffer "~5.1.0"

symbol-observable@^1.0.4:
  version "1.1.0"
  resolved "http://registry.npm.taobao.org/symbol-observable/download/symbol-observable-1.1.0.tgz#5c68fd8d54115d9dfb72a84720549222e8db9b32"

timers-browserify@^1.4.2:
  version "1.4.2"
  resolved "http://registry.npm.taobao.org/timers-browserify/download/timers-browserify-1.4.2.tgz#c9c58b575be8407375cb5e2462dacee74359f41d"
  dependencies:
    process "~0.11.0"

tty-browserify@0.0.0:
  version "0.0.0"
  resolved "http://registry.npm.taobao.org/tty-browserify/download/tty-browserify-0.0.0.tgz#a157ba402da24e9bf957f9aa69d524eed42901a6"

ua-parser-js@^0.7.9:
  version "0.7.17"
  resolved "http://registry.npm.taobao.org/ua-parser-js/download/ua-parser-js-0.7.17.tgz#e9ec5f9498b9ec910e7ae3ac626a805c4d09ecac"

url@^0.11.0:
  version "0.11.0"
  resolved "http://registry.npm.taobao.org/url/download/url-0.11.0.tgz#3838e97cfc60521eb73c525a8e55bfdd9e2e28f1"
  dependencies:
    punycode "1.3.2"
    querystring "0.2.0"

util-deprecate@~1.0.1:
  version "1.0.2"
  resolved "http://registry.npm.taobao.org/util-deprecate/download/util-deprecate-1.0.2.tgz#450d4dc9fa70de732762fbd2d4a28981419a0ccf"

util@0.10.3, util@^0.10.3:
  version "0.10.3"
  resolved "http://registry.npm.taobao.org/util/download/util-0.10.3.tgz#7afb1afe50805246489e3db7fe0ed379336ac0f9"
  dependencies:
    inherits "2.0.1"

value-equal@^0.4.0:
  version "0.4.0"
  resolved "http://registry.npm.taobao.org/value-equal/download/value-equal-0.4.0.tgz#c5bdd2f54ee093c04839d71ce2e4758a6890abc7"

vm-browserify@0.0.4:
  version "0.0.4"
  resolved "http://registry.npm.taobao.org/vm-browserify/download/vm-browserify-0.0.4.tgz#5d7ea45bbef9e4a6ff65f95438e0a87c357d5a73"
  dependencies:
    indexof "0.0.1"

warning@2.x:
  version "2.1.0"
  resolved "http://registry.npm.taobao.org/warning/download/warning-2.1.0.tgz#21220d9c63afc77a8c92111e011af705ce0c6901"
  dependencies:
    loose-envify "^1.0.0"

warning@^3.0.0, warning@~3.0.0:
  version "3.0.0"
  resolved "http://registry.npm.taobao.org/warning/download/warning-3.0.0.tgz#32e5377cb572de4ab04753bdf8821c01ed605b7c"
  dependencies:
    loose-envify "^1.0.0"

whatwg-fetch@>=0.10.0:
  version "2.0.3"
  resolved "http://registry.npm.taobao.org/whatwg-fetch/download/whatwg-fetch-2.0.3.tgz#9c84ec2dcf68187ff00bc64e1274b442176e1c84"
